
Microsoft Visual Studio Solution File, Format Version 12.00
# Visual Studio 15
VisualStudioVersion = 15.0.27130.2036
MinimumVisualStudioVersion = 10.0.40219.1
Project("{FAE04EC0-301F-11D3-BF4B-00C04F79EFBC}") = "OnLeave", "OnLeave\OnLeave.csproj", "{9D12B4DD-2712-4C45-8727-39193895337F}"
EndProject
Project("{FAE04EC0-301F-11D3-BF4B-00C04F79EFBC}") = "Common", "Common\Common.csproj", "{BBA09824-63A6-4E99-BA53-0978C93AAD59}"
EndProject
Project("{9A19103F-16F7-4668-BE54-9A1E7A4F7556}") = "PWA", "PWA\PWA.csproj", "{B36ED00F-CC79-42FF-BC49-683DF2EA611B}"
EndProject
Project("{9A19103F-16F7-4668-BE54-9A1E7A4F7556}") = "OnLeave.Business.Entities", "OnLeave.Business.Entities\OnLeave.Business.Entities.csproj", "{7315EAF2-B2EF-4337-81D7-28F772C5BE4C}"
EndProject
Project("{FAE04EC0-301F-11D3-BF4B-00C04F79EFBC}") = "WebApplication2", "WebApplication2\WebApplication2.csproj", "{0A985A07-6D8B-46CC-AFF2-F2AA65B8E173}"
EndProject
Global
	GlobalSection(SolutionConfigurationPlatforms) = preSolution
		Debug|Any CPU = Debug|Any CPU
		Release|Any CPU = Release|Any CPU
	EndGlobalSection
	GlobalSection(ProjectConfigurationPlatforms) = postSolution
		{9D12B4DD-2712-4C45-8727-39193895337F}.Debug|Any CPU.ActiveCfg = Debug|Any CPU
		{9D12B4DD-2712-4C45-8727-39193895337F}.Debug|Any CPU.Build.0 = Debug|Any CPU
		{9D12B4DD-2712-4C45-8727-39193895337F}.Release|Any CPU.ActiveCfg = Release|Any CPU
		{9D12B4DD-2712-4C45-8727-39193895337F}.Release|Any CPU.Build.0 = Release|Any CPU
		{BBA09824-63A6-4E99-BA53-0978C93AAD59}.Debug|Any CPU.ActiveCfg = Debug|Any CPU
		{BBA09824-63A6-4E99-BA53-0978C93AAD59}.Debug|Any CPU.Build.0 = Debug|Any CPU
		{BBA09824-63A6-4E99-BA53-0978C93AAD59}.Release|Any CPU.ActiveCfg = Release|Any CPU
		{BBA09824-63A6-4E99-BA53-0978C93AAD59}.Release|Any CPU.Build.0 = Release|Any CPU
		{B36ED00F-CC79-42FF-BC49-683DF2EA611B}.Debug|Any CPU.ActiveCfg = Debug|Any CPU
		{B36ED00F-CC79-42FF-BC49-683DF2EA611B}.Debug|Any CPU.Build.0 = Debug|Any CPU
		{B36ED00F-CC79-42FF-BC49-683DF2EA611B}.Release|Any CPU.ActiveCfg = Release|Any CPU
		{B36ED00F-CC79-42FF-BC49-683DF2EA611B}.Release|Any CPU.Build.0 = Release|Any CPU
		{7315EAF2-B2EF-4337-81D7-28F772C5BE4C}.Debug|Any CPU.ActiveCfg = Debug|Any CPU
		{7315EAF2-B2EF-4337-81D7-28F772C5BE4C}.Debug|Any CPU.Build.0 = Debug|Any CPU
		{7315EAF2-B2EF-4337-81D7-28F772C5BE4C}.Release|Any CPU.ActiveCfg = Release|Any CPU
		{7315EAF2-B2EF-4337-81D7-28F772C5BE4C}.Release|Any CPU.Build.0 = Release|Any CPU
		{0A985A07-6D8B-46CC-AFF2-F2AA65B8E173}.Debug|Any CPU.ActiveCfg = Debug|Any CPU
		{0A985A07-6D8B-46CC-AFF2-F2AA65B8E173}.Debug|Any CPU.Build.0 = Debug|Any CPU
		{0A985A07-6D8B-46CC-AFF2-F2AA65B8E173}.Release|Any CPU.ActiveCfg = Release|Any CPU
		{0A985A07-6D8B-46CC-AFF2-F2AA65B8E173}.Release|Any CPU.Build.0 = Release|Any CPU
	EndGlobalSection
	GlobalSection(SolutionProperties) = preSolution
		HideSolutionNode = FALSE
	EndGlobalSection
	GlobalSection(ExtensibilityGlobals) = postSolution
		SolutionGuid = {9E55A8D4-E21B-4F0E-AF87-609747C986DC}
	EndGlobalSection
EndGlobal
